{
  "version": 4,
  "terraform_version": "0.14.0",
  "serial": 65,
  "lineage": "616ef5a1-0d4a-f1ab-6819-0ae994659673",
  "outputs": {
    "ec2_eip_address": {
      "value": "52.11.168.9",
      "type": "string"
    }
  },
  "resources": [
    {
      "module": "module.ghost.module.ec2",
      "mode": "data",
      "type": "aws_ami",
      "name": "ghost",
      "provider": "provider[\"registry.terraform.io/hashicorp/aws\"]",
      "instances": [
        {
          "index_key": 0,
          "schema_version": 0,
          "attributes": {
            "architecture": "x86_64",
            "arn": "arn:aws:ec2:us-west-2::image/ami-0b9c884caae28b8fa",
            "block_device_mappings": [
              {
                "device_name": "/dev/sda1",
                "ebs": {
                  "delete_on_termination": "true",
                  "encrypted": "false",
                  "iops": "0",
                  "snapshot_id": "snap-01665fe4dec6c3947",
                  "volume_size": "8",
                  "volume_type": "gp2"
                },
                "no_device": "",
                "virtual_name": ""
              },
              {
                "device_name": "/dev/sdb",
                "ebs": {},
                "no_device": "",
                "virtual_name": "ephemeral0"
              },
              {
                "device_name": "/dev/sdc",
                "ebs": {},
                "no_device": "",
                "virtual_name": "ephemeral1"
              }
            ],
            "creation_date": "2020-12-18T02:02:30.000Z",
            "description": null,
            "executable_users": null,
            "filter": [
              {
                "name": "tag:BuildVersion",
                "values": [
                  "0.0.0"
                ]
              },
              {
                "name": "tag:CommitHash",
                "values": [
                  "c42e94b3fc1f1d377241811b859cbbb5b71106de"
                ]
              },
              {
                "name": "tag:Environment",
                "values": [
                  "development"
                ]
              },
              {
                "name": "tag:Service",
                "values": [
                  "ghost"
                ]
              }
            ],
            "hypervisor": "xen",
            "id": "ami-0b9c884caae28b8fa",
            "image_id": "ami-0b9c884caae28b8fa",
            "image_location": "304783710577/packer-ghost-development-0.0.0-1608256799",
            "image_owner_alias": null,
            "image_type": "machine",
            "kernel_id": null,
            "most_recent": true,
            "name": "packer-ghost-development-0.0.0-1608256799",
            "name_regex": null,
            "owner_id": "304783710577",
            "owners": [
              "304783710577"
            ],
            "platform": null,
            "product_codes": [],
            "public": false,
            "ramdisk_id": null,
            "root_device_name": "/dev/sda1",
            "root_device_type": "ebs",
            "root_snapshot_id": "snap-01665fe4dec6c3947",
            "sriov_net_support": "simple",
            "state": "available",
            "state_reason": {
              "code": "UNSET",
              "message": "UNSET"
            },
            "tags": {
              "BuildVersion": "0.0.0",
              "CommitHash": "c42e94b3fc1f1d377241811b859cbbb5b71106de",
              "Environment": "development",
              "Service": "ghost"
            },
            "virtualization_type": "hvm"
          },
          "sensitive_attributes": []
        }
      ]
    },
    {
      "module": "module.ghost.module.ec2",
      "mode": "data",
      "type": "aws_caller_identity",
      "name": "current",
      "provider": "provider[\"registry.terraform.io/hashicorp/aws\"]",
      "instances": [
        {
          "schema_version": 0,
          "attributes": {
            "account_id": "304783710577",
            "arn": "arn:aws:iam::304783710577:user/pangu",
            "id": "304783710577",
            "user_id": "AIDAUN5UGLFYUB4756CKA"
          },
          "sensitive_attributes": []
        }
      ]
    },
    {
      "module": "module.ghost.module.ec2",
      "mode": "managed",
      "type": "aws_eip",
      "name": "ghost",
      "provider": "provider[\"registry.terraform.io/hashicorp/aws\"]",
      "instances": [
        {
          "schema_version": 0,
          "attributes": {
            "allocation_id": null,
            "associate_with_private_ip": null,
            "association_id": "eipassoc-064613c6aae4071fd",
            "customer_owned_ip": "",
            "customer_owned_ipv4_pool": "",
            "domain": "vpc",
            "id": "eipalloc-0146421cd74acbfc4",
            "instance": "i-0784ba5ffa149beeb",
            "network_border_group": "us-west-2",
            "network_interface": "eni-06704d7866111b6ba",
            "private_dns": "ip-172-31-0-154.us-west-2.compute.internal",
            "private_ip": "172.31.0.154",
            "public_dns": "ec2-52-11-168-9.us-west-2.compute.amazonaws.com",
            "public_ip": "52.11.168.9",
            "public_ipv4_pool": "amazon",
            "tags": {
              "BuildVersion": "0.0.0",
              "CommitHash": "c42e94b3fc1f1d377241811b859cbbb5b71106de",
              "Environment": "development",
              "Name": "development.us-west-2.eip.ghost",
              "Region": "us-west-2"
            },
            "timeouts": null,
            "vpc": true
          },
          "sensitive_attributes": [],
          "private": "eyJlMmJmYjczMC1lY2FhLTExZTYtOGY4OC0zNDM2M2JjN2M0YzAiOnsiZGVsZXRlIjoxODAwMDAwMDAwMDAsInJlYWQiOjkwMDAwMDAwMDAwMCwidXBkYXRlIjozMDAwMDAwMDAwMDB9fQ==",
          "dependencies": [
            "module.ghost.module.ec2.aws_network_interface.ghost",
            "module.ghost.module.security.aws_security_group.ghost",
            "module.ghost.module.vpc.aws_subnet.public",
            "module.ghost.module.vpc.data.aws_vpc.vpc"
          ]
        }
      ]
    },
    {
      "module": "module.ghost.module.ec2",
      "mode": "managed",
      "type": "aws_instance",
      "name": "ghost",
      "provider": "provider[\"registry.terraform.io/hashicorp/aws\"]",
      "instances": [
        {
          "schema_version": 1,
          "attributes": {
            "ami": "ami-0b9c884caae28b8fa",
            "arn": "arn:aws:ec2:us-west-2:304783710577:instance/i-0005c4de7f6fbbbee",
            "associate_public_ip_address": true,
            "availability_zone": "us-west-2a",
            "cpu_core_count": 1,
            "cpu_threads_per_core": 2,
            "credit_specification": [
              {
                "cpu_credits": "unlimited"
              }
            ],
            "disable_api_termination": false,
            "ebs_block_device": [],
            "ebs_optimized": false,
            "ephemeral_block_device": [],
            "get_password_data": false,
            "hibernation": false,
            "host_id": null,
            "iam_instance_profile": "",
            "id": "i-0005c4de7f6fbbbee",
            "instance_initiated_shutdown_behavior": null,
            "instance_state": "running",
            "instance_type": "t3.micro",
            "ipv6_address_count": 1,
            "ipv6_addresses": [
              "2600:1f14:41:6300:fdea:5f43:f9d2:30a7"
            ],
            "key_name": "pangu",
            "metadata_options": [
              {
                "http_endpoint": "enabled",
                "http_put_response_hop_limit": 1,
                "http_tokens": "optional"
              }
            ],
            "monitoring": true,
            "network_interface": [
              {
                "delete_on_termination": false,
                "device_index": 0,
                "network_interface_id": "eni-06704d7866111b6ba"
              }
            ],
            "outpost_arn": "",
            "password_data": "",
            "placement_group": "",
            "primary_network_interface_id": "eni-06704d7866111b6ba",
            "private_dns": "ip-172-31-0-154.us-west-2.compute.internal",
            "private_ip": "172.31.0.154",
            "public_dns": "ec2-52-11-168-9.us-west-2.compute.amazonaws.com",
            "public_ip": "52.11.168.9",
            "root_block_device": [
              {
                "delete_on_termination": true,
                "device_name": "/dev/sda1",
                "encrypted": false,
                "iops": 100,
                "kms_key_id": "",
                "volume_id": "vol-0a7fd11ca3aeb0424",
                "volume_size": 8,
                "volume_type": "gp2"
              }
            ],
            "secondary_private_ips": [],
            "security_groups": [
              "development.us-west-2.sg.ghost"
            ],
            "source_dest_check": true,
            "subnet_id": "subnet-093cf21d25f0cce22",
            "tags": {
              "BuildVersion": "0.0.0",
              "CommitHash": "c42e94b3fc1f1d377241811b859cbbb5b71106de",
              "Environment": "development",
              "Name": "development.us-west-2.ec2.ghost",
              "Region": "us-west-2"
            },
            "tenancy": "default",
            "timeouts": null,
            "user_data": null,
            "user_data_base64": null,
            "volume_tags": {},
            "vpc_security_group_ids": [
              "sg-018a10681cd38fdea"
            ]
          },
          "sensitive_attributes": [],
          "private": "eyJlMmJmYjczMC1lY2FhLTExZTYtOGY4OC0zNDM2M2JjN2M0YzAiOnsiY3JlYXRlIjo2MDAwMDAwMDAwMDAsImRlbGV0ZSI6MTIwMDAwMDAwMDAwMCwidXBkYXRlIjo2MDAwMDAwMDAwMDB9LCJzY2hlbWFfdmVyc2lvbiI6IjEifQ==",
          "dependencies": [
            "module.ghost.module.ec2.aws_network_interface.ghost",
            "module.ghost.module.ec2.data.aws_ami.ghost"
          ]
        }
      ]
    },
    {
      "module": "module.ghost.module.ec2",
      "mode": "managed",
      "type": "aws_network_interface",
      "name": "ghost",
      "provider": "provider[\"registry.terraform.io/hashicorp/aws\"]",
      "instances": [
        {
          "schema_version": 0,
          "attributes": {
            "attachment": [
              {
                "attachment_id": "eni-attach-0800b0fea7bc4793d",
                "device_index": 0,
                "instance": "i-0784ba5ffa149beeb"
              }
            ],
            "description": "",
            "id": "eni-06704d7866111b6ba",
            "ipv6_address_count": 1,
            "ipv6_addresses": [
              "2600:1f14:41:6300:fdea:5f43:f9d2:30a7"
            ],
            "mac_address": "06:59:bd:95:c5:37",
            "outpost_arn": "",
            "private_dns_name": "ip-172-31-0-154.us-west-2.compute.internal",
            "private_ip": "172.31.0.154",
            "private_ips": [
              "172.31.0.154"
            ],
            "private_ips_count": 0,
            "security_groups": [
              "sg-018a10681cd38fdea"
            ],
            "source_dest_check": true,
            "subnet_id": "subnet-093cf21d25f0cce22",
            "tags": {
              "BuildVersion": "0.0.0",
              "CommitHash": "c42e94b3fc1f1d377241811b859cbbb5b71106de",
              "Environment": "development",
              "Name": "development.us-west-2.ni.ghost",
              "Region": "us-west-2"
            }
          },
          "sensitive_attributes": [],
          "private": "bnVsbA==",
          "dependencies": [
            "module.ghost.module.security.aws_security_group.ghost",
            "module.ghost.module.vpc.aws_subnet.public",
            "module.ghost.module.vpc.data.aws_vpc.vpc"
          ]
        }
      ]
    },
    {
      "module": "module.ghost.module.security",
      "mode": "managed",
      "type": "aws_security_group",
      "name": "ghost",
      "provider": "provider[\"registry.terraform.io/hashicorp/aws\"]",
      "instances": [
        {
          "schema_version": 1,
          "attributes": {
            "arn": "arn:aws:ec2:us-west-2:304783710577:security-group/sg-018a10681cd38fdea",
            "description": "Managed by Terraform",
            "egress": [
              {
                "cidr_blocks": [
                  "0.0.0.0/0"
                ],
                "description": "",
                "from_port": 0,
                "ipv6_cidr_blocks": [
                  "::/0"
                ],
                "prefix_list_ids": [],
                "protocol": "-1",
                "security_groups": [],
                "self": false,
                "to_port": 0
              }
            ],
            "id": "sg-018a10681cd38fdea",
            "ingress": [
              {
                "cidr_blocks": [
                  "0.0.0.0/0"
                ],
                "description": "",
                "from_port": 22,
                "ipv6_cidr_blocks": [
                  "::/0"
                ],
                "prefix_list_ids": [],
                "protocol": "tcp",
                "security_groups": [],
                "self": false,
                "to_port": 22
              }
            ],
            "name": "development.us-west-2.sg.ghost",
            "name_prefix": "",
            "owner_id": "304783710577",
            "revoke_rules_on_delete": false,
            "tags": {},
            "timeouts": null,
            "vpc_id": "vpc-26d5a85e"
          },
          "sensitive_attributes": [],
          "private": "eyJlMmJmYjczMC1lY2FhLTExZTYtOGY4OC0zNDM2M2JjN2M0YzAiOnsiY3JlYXRlIjo2MDAwMDAwMDAwMDAsImRlbGV0ZSI6NjAwMDAwMDAwMDAwfSwic2NoZW1hX3ZlcnNpb24iOiIxIn0=",
          "dependencies": [
            "module.ghost.module.vpc.data.aws_vpc.vpc"
          ]
        }
      ]
    },
    {
      "module": "module.ghost.module.vpc",
      "mode": "data",
      "type": "aws_internet_gateway",
      "name": "gateway",
      "provider": "provider[\"registry.terraform.io/hashicorp/aws\"]",
      "instances": [
        {
          "schema_version": 0,
          "attributes": {
            "arn": "arn:aws:ec2:us-west-2:304783710577:internet-gateway/igw-777cda0e",
            "attachments": [
              {
                "state": "available",
                "vpc_id": "vpc-26d5a85e"
              }
            ],
            "filter": [
              {
                "name": "attachment.vpc-id",
                "values": [
                  "vpc-26d5a85e"
                ]
              }
            ],
            "id": "igw-777cda0e",
            "internet_gateway_id": "igw-777cda0e",
            "owner_id": "304783710577",
            "tags": {}
          },
          "sensitive_attributes": []
        }
      ]
    },
    {
      "module": "module.ghost.module.vpc",
      "mode": "data",
      "type": "aws_vpc",
      "name": "vpc",
      "provider": "provider[\"registry.terraform.io/hashicorp/aws\"]",
      "instances": [
        {
          "schema_version": 0,
          "attributes": {
            "arn": "arn:aws:ec2:us-west-2:304783710577:vpc/vpc-26d5a85e",
            "cidr_block": "172.31.0.0/16",
            "cidr_block_associations": [
              {
                "association_id": "vpc-cidr-assoc-0a2e2560",
                "cidr_block": "172.31.0.0/16",
                "state": "associated"
              }
            ],
            "default": true,
            "dhcp_options_id": "dopt-77deb40f",
            "enable_dns_hostnames": true,
            "enable_dns_support": true,
            "filter": null,
            "id": "vpc-26d5a85e",
            "instance_tenancy": "default",
            "ipv6_association_id": "vpc-cidr-assoc-0f3c944981d8b7866",
            "ipv6_cidr_block": "2600:1f14:41:6300::/56",
            "main_route_table_id": "rtb-2fdd8354",
            "owner_id": "304783710577",
            "state": "available",
            "tags": {
              "Environment": "development",
              "Region": "us-west-2"
            }
          },
          "sensitive_attributes": []
        }
      ]
    },
    {
      "module": "module.ghost.module.vpc",
      "mode": "managed",
      "type": "aws_route_table",
      "name": "ghost",
      "provider": "provider[\"registry.terraform.io/hashicorp/aws\"]",
      "instances": [
        {
          "schema_version": 0,
          "attributes": {
            "id": "rtb-0a37903ce6d1190fe",
            "owner_id": "304783710577",
            "propagating_vgws": [],
            "route": [
              {
                "cidr_block": "0.0.0.0/0",
                "egress_only_gateway_id": "",
                "gateway_id": "igw-777cda0e",
                "instance_id": "",
                "ipv6_cidr_block": "",
                "local_gateway_id": "",
                "nat_gateway_id": "",
                "network_interface_id": "",
                "transit_gateway_id": "",
                "vpc_endpoint_id": "",
                "vpc_peering_connection_id": ""
              }
            ],
            "tags": {
              "BuildVersion": "0.0.0",
              "CommitHash": "c42e94b3fc1f1d377241811b859cbbb5b71106de",
              "Environment": "development",
              "Name": "development.us-west-2.rtb.ghost",
              "Region": "us-west-2"
            },
            "vpc_id": "vpc-26d5a85e"
          },
          "sensitive_attributes": [],
          "private": "bnVsbA==",
          "dependencies": [
            "module.ghost.module.vpc.data.aws_internet_gateway.gateway",
            "module.ghost.module.vpc.data.aws_vpc.vpc"
          ]
        }
      ]
    },
    {
      "module": "module.ghost.module.vpc",
      "mode": "managed",
      "type": "aws_route_table_association",
      "name": "ghost",
      "provider": "provider[\"registry.terraform.io/hashicorp/aws\"]",
      "instances": [
        {
          "index_key": "us-west-2a",
          "schema_version": 0,
          "attributes": {
            "gateway_id": null,
            "id": "rtbassoc-0a11f55d7807afe42",
            "route_table_id": "rtb-0a37903ce6d1190fe",
            "subnet_id": "subnet-093cf21d25f0cce22"
          },
          "sensitive_attributes": [],
          "private": "bnVsbA==",
          "dependencies": [
            "module.ghost.module.vpc.aws_route_table.ghost",
            "module.ghost.module.vpc.aws_subnet.public",
            "module.ghost.module.vpc.data.aws_internet_gateway.gateway",
            "module.ghost.module.vpc.data.aws_vpc.vpc"
          ]
        }
      ]
    },
    {
      "module": "module.ghost.module.vpc",
      "mode": "managed",
      "type": "aws_subnet",
      "name": "public",
      "provider": "provider[\"registry.terraform.io/hashicorp/aws\"]",
      "instances": [
        {
          "index_key": "us-west-2a",
          "schema_version": 1,
          "attributes": {
            "arn": "arn:aws:ec2:us-west-2:304783710577:subnet/subnet-093cf21d25f0cce22",
            "assign_ipv6_address_on_creation": true,
            "availability_zone": "us-west-2a",
            "availability_zone_id": "usw2-az2",
            "cidr_block": "172.31.0.0/24",
            "id": "subnet-093cf21d25f0cce22",
            "ipv6_cidr_block": "2600:1f14:41:6300::/64",
            "ipv6_cidr_block_association_id": "subnet-cidr-assoc-0afc32415bb6556dc",
            "map_public_ip_on_launch": true,
            "outpost_arn": "",
            "owner_id": "304783710577",
            "tags": {
              "BuildVersion": "0.0.0",
              "CommitHash": "c42e94b3fc1f1d377241811b859cbbb5b71106de",
              "Environment": "development",
              "Name": "development.us-west-2a.subnet.public.ghost",
              "Region": "us-west-2"
            },
            "timeouts": null,
            "vpc_id": "vpc-26d5a85e"
          },
          "sensitive_attributes": [],
          "private": "eyJlMmJmYjczMC1lY2FhLTExZTYtOGY4OC0zNDM2M2JjN2M0YzAiOnsiY3JlYXRlIjo2MDAwMDAwMDAwMDAsImRlbGV0ZSI6MTIwMDAwMDAwMDAwMH0sInNjaGVtYV92ZXJzaW9uIjoiMSJ9",
          "dependencies": [
            "module.ghost.module.vpc.data.aws_vpc.vpc"
          ]
        }
      ]
    }
  ]
}
