{
  "version": 4,
  "terraform_version": "0.14.0",
  "serial": 36,
  "lineage": "616ef5a1-0d4a-f1ab-6819-0ae994659673",
  "outputs": {},
  "resources": [
    {
      "module": "module.ghost.module.ec2",
      "mode": "data",
      "type": "aws_caller_identity",
      "name": "current",
      "provider": "provider[\"registry.terraform.io/hashicorp/aws\"]",
      "instances": [
        {
          "schema_version": 0,
          "attributes": {
            "account_id": "304783710577",
            "arn": "arn:aws:iam::304783710577:user/pangu",
            "id": "304783710577",
            "user_id": "AIDAUN5UGLFYUB4756CKA"
          },
          "sensitive_attributes": []
        }
      ]
    },
    {
      "module": "module.ghost.module.ec2",
      "mode": "managed",
      "type": "aws_eip",
      "name": "ghost",
      "provider": "provider[\"registry.terraform.io/hashicorp/aws\"]",
      "instances": [
        {
          "schema_version": 0,
          "attributes": {
            "allocation_id": null,
            "associate_with_private_ip": null,
            "association_id": "eipassoc-0ad379e7720b1dd05",
            "customer_owned_ip": "",
            "customer_owned_ipv4_pool": "",
            "domain": "vpc",
            "id": "eipalloc-06476eb2099b41f4a",
            "instance": "",
            "network_border_group": "us-west-2",
            "network_interface": "eni-019271c210f92e9c0",
            "private_dns": "ip-172-31-0-225.us-west-2.compute.internal",
            "private_ip": "172.31.0.225",
            "public_dns": "ec2-52-26-104-206.us-west-2.compute.amazonaws.com",
            "public_ip": "52.26.104.206",
            "public_ipv4_pool": "amazon",
            "tags": {
              "BuildVersion": "",
              "CommitHash": "d9f99fa7a3dfca8c1b7763c881edf504cb76a245",
              "Environment": "development",
              "Name": "development.us-west-2.eip.ghost",
              "Region": "us-west-2"
            },
            "timeouts": null,
            "vpc": true
          },
          "sensitive_attributes": [],
          "private": "eyJlMmJmYjczMC1lY2FhLTExZTYtOGY4OC0zNDM2M2JjN2M0YzAiOnsiZGVsZXRlIjoxODAwMDAwMDAwMDAsInJlYWQiOjkwMDAwMDAwMDAwMCwidXBkYXRlIjozMDAwMDAwMDAwMDB9fQ==",
          "dependencies": [
            "module.ghost.module.ec2.aws_network_interface.ghost",
            "module.ghost.module.security.aws_security_group.ghost",
            "module.ghost.module.vpc.aws_subnet.public",
            "module.ghost.module.vpc.data.aws_vpc.vpc"
          ]
        }
      ]
    },
    {
      "module": "module.ghost.module.ec2",
      "mode": "managed",
      "type": "aws_instance",
      "name": "ghost",
      "provider": "provider[\"registry.terraform.io/hashicorp/aws\"]",
      "instances": [
        {
          "schema_version": 1,
          "attributes": {
            "ami": "ami-008ccba2caca6c1f7",
            "arn": "arn:aws:ec2:us-west-2:304783710577:instance/i-0369a0119c38de735",
            "associate_public_ip_address": true,
            "availability_zone": "us-west-2a",
            "cpu_core_count": 1,
            "cpu_threads_per_core": 2,
            "credit_specification": [
              {
                "cpu_credits": "unlimited"
              }
            ],
            "disable_api_termination": false,
            "ebs_block_device": [],
            "ebs_optimized": false,
            "ephemeral_block_device": [],
            "get_password_data": false,
            "hibernation": false,
            "host_id": null,
            "iam_instance_profile": "",
            "id": "i-0369a0119c38de735",
            "instance_initiated_shutdown_behavior": null,
            "instance_state": "running",
            "instance_type": "t3.micro",
            "ipv6_address_count": 1,
            "ipv6_addresses": [
              "2600:1f14:41:6300:f3bf:b331:c8d:d23a"
            ],
            "key_name": "pangu",
            "metadata_options": [
              {
                "http_endpoint": "enabled",
                "http_put_response_hop_limit": 1,
                "http_tokens": "optional"
              }
            ],
            "monitoring": true,
            "network_interface": [
              {
                "delete_on_termination": false,
                "device_index": 0,
                "network_interface_id": "eni-019271c210f92e9c0"
              }
            ],
            "outpost_arn": "",
            "password_data": "",
            "placement_group": "",
            "primary_network_interface_id": "eni-019271c210f92e9c0",
            "private_dns": "ip-172-31-0-225.us-west-2.compute.internal",
            "private_ip": "172.31.0.225",
            "public_dns": "ec2-52-26-104-206.us-west-2.compute.amazonaws.com",
            "public_ip": "52.26.104.206",
            "root_block_device": [
              {
                "delete_on_termination": true,
                "device_name": "/dev/sda1",
                "encrypted": false,
                "iops": 100,
                "kms_key_id": "",
                "volume_id": "vol-06a7819c17e4e8fb2",
                "volume_size": 8,
                "volume_type": "gp2"
              }
            ],
            "secondary_private_ips": [],
            "security_groups": [
              "development.us-west-2.sg.ghost"
            ],
            "source_dest_check": true,
            "subnet_id": "subnet-0be61933506d7a22b",
            "tags": {
              "BuildVersion": "",
              "CommitHash": "d9f99fa7a3dfca8c1b7763c881edf504cb76a245",
              "Environment": "development",
              "Name": "development.us-west-2.ec2.ghost",
              "Region": "us-west-2"
            },
            "tenancy": "default",
            "timeouts": null,
            "user_data": null,
            "user_data_base64": null,
            "volume_tags": {},
            "vpc_security_group_ids": [
              "sg-0c97e9cf2910660fe"
            ]
          },
          "sensitive_attributes": [],
          "private": "eyJlMmJmYjczMC1lY2FhLTExZTYtOGY4OC0zNDM2M2JjN2M0YzAiOnsiY3JlYXRlIjo2MDAwMDAwMDAwMDAsImRlbGV0ZSI6MTIwMDAwMDAwMDAwMCwidXBkYXRlIjo2MDAwMDAwMDAwMDB9LCJzY2hlbWFfdmVyc2lvbiI6IjEifQ==",
          "dependencies": [
            "module.ghost.module.ec2.aws_network_interface.ghost",
            "module.ghost.module.ec2.data.aws_ami.ghost",
            "module.ghost.module.security.aws_security_group.ghost",
            "module.ghost.module.vpc.aws_subnet.public",
            "module.ghost.module.vpc.data.aws_vpc.vpc"
          ]
        }
      ]
    },
    {
      "module": "module.ghost.module.ec2",
      "mode": "managed",
      "type": "aws_network_interface",
      "name": "ghost",
      "provider": "provider[\"registry.terraform.io/hashicorp/aws\"]",
      "instances": [
        {
          "schema_version": 0,
          "attributes": {
            "attachment": [],
            "description": "",
            "id": "eni-019271c210f92e9c0",
            "ipv6_address_count": 1,
            "ipv6_addresses": [
              "2600:1f14:41:6300:f3bf:b331:c8d:d23a"
            ],
            "mac_address": "06:92:0d:56:83:61",
            "outpost_arn": "",
            "private_dns_name": "ip-172-31-0-225.us-west-2.compute.internal",
            "private_ip": "172.31.0.225",
            "private_ips": [
              "172.31.0.225"
            ],
            "private_ips_count": 0,
            "security_groups": [
              "sg-0c97e9cf2910660fe"
            ],
            "source_dest_check": true,
            "subnet_id": "subnet-0be61933506d7a22b",
            "tags": {
              "BuildVersion": "",
              "CommitHash": "d9f99fa7a3dfca8c1b7763c881edf504cb76a245",
              "Environment": "development",
              "Name": "development.us-west-2.ni.ghost",
              "Region": "us-west-2"
            }
          },
          "sensitive_attributes": [],
          "private": "bnVsbA==",
          "dependencies": [
            "module.ghost.module.security.aws_security_group.ghost",
            "module.ghost.module.vpc.aws_subnet.public",
            "module.ghost.module.vpc.data.aws_vpc.vpc"
          ]
        }
      ]
    },
    {
      "module": "module.ghost.module.security",
      "mode": "managed",
      "type": "aws_security_group",
      "name": "ghost",
      "provider": "provider[\"registry.terraform.io/hashicorp/aws\"]",
      "instances": [
        {
          "schema_version": 1,
          "attributes": {
            "arn": "arn:aws:ec2:us-west-2:304783710577:security-group/sg-0c97e9cf2910660fe",
            "description": "Managed by Terraform",
            "egress": [
              {
                "cidr_blocks": [
                  "0.0.0.0/0"
                ],
                "description": "",
                "from_port": 0,
                "ipv6_cidr_blocks": [
                  "::/0"
                ],
                "prefix_list_ids": [],
                "protocol": "-1",
                "security_groups": [],
                "self": false,
                "to_port": 0
              }
            ],
            "id": "sg-0c97e9cf2910660fe",
            "ingress": [
              {
                "cidr_blocks": [
                  "0.0.0.0/0"
                ],
                "description": "",
                "from_port": 22,
                "ipv6_cidr_blocks": [
                  "::/0"
                ],
                "prefix_list_ids": [],
                "protocol": "tcp",
                "security_groups": [],
                "self": false,
                "to_port": 22
              }
            ],
            "name": "development.us-west-2.sg.ghost",
            "name_prefix": "",
            "owner_id": "304783710577",
            "revoke_rules_on_delete": false,
            "tags": null,
            "timeouts": null,
            "vpc_id": "vpc-26d5a85e"
          },
          "sensitive_attributes": [],
          "private": "eyJlMmJmYjczMC1lY2FhLTExZTYtOGY4OC0zNDM2M2JjN2M0YzAiOnsiY3JlYXRlIjo2MDAwMDAwMDAwMDAsImRlbGV0ZSI6NjAwMDAwMDAwMDAwfSwic2NoZW1hX3ZlcnNpb24iOiIxIn0=",
          "dependencies": [
            "module.ghost.module.vpc.data.aws_vpc.vpc"
          ]
        }
      ]
    },
    {
      "module": "module.ghost.module.vpc",
      "mode": "data",
      "type": "aws_internet_gateway",
      "name": "gateway",
      "provider": "provider[\"registry.terraform.io/hashicorp/aws\"]",
      "instances": [
        {
          "schema_version": 0,
          "attributes": {
            "arn": "arn:aws:ec2:us-west-2:304783710577:internet-gateway/igw-777cda0e",
            "attachments": [
              {
                "state": "available",
                "vpc_id": "vpc-26d5a85e"
              }
            ],
            "filter": [
              {
                "name": "attachment.vpc-id",
                "values": [
                  "vpc-26d5a85e"
                ]
              }
            ],
            "id": "igw-777cda0e",
            "internet_gateway_id": "igw-777cda0e",
            "owner_id": "304783710577",
            "tags": {}
          },
          "sensitive_attributes": []
        }
      ]
    },
    {
      "module": "module.ghost.module.vpc",
      "mode": "data",
      "type": "aws_vpc",
      "name": "vpc",
      "provider": "provider[\"registry.terraform.io/hashicorp/aws\"]",
      "instances": [
        {
          "schema_version": 0,
          "attributes": {
            "arn": "arn:aws:ec2:us-west-2:304783710577:vpc/vpc-26d5a85e",
            "cidr_block": "172.31.0.0/16",
            "cidr_block_associations": [
              {
                "association_id": "vpc-cidr-assoc-0a2e2560",
                "cidr_block": "172.31.0.0/16",
                "state": "associated"
              }
            ],
            "default": true,
            "dhcp_options_id": "dopt-77deb40f",
            "enable_dns_hostnames": true,
            "enable_dns_support": true,
            "filter": null,
            "id": "vpc-26d5a85e",
            "instance_tenancy": "default",
            "ipv6_association_id": "vpc-cidr-assoc-0f3c944981d8b7866",
            "ipv6_cidr_block": "2600:1f14:41:6300::/56",
            "main_route_table_id": "rtb-2fdd8354",
            "owner_id": "304783710577",
            "state": "available",
            "tags": {
              "Environment": "development",
              "Region": "us-west-2"
            }
          },
          "sensitive_attributes": []
        }
      ]
    },
    {
      "module": "module.ghost.module.vpc",
      "mode": "managed",
      "type": "aws_route_table",
      "name": "ghost",
      "provider": "provider[\"registry.terraform.io/hashicorp/aws\"]",
      "instances": [
        {
          "schema_version": 0,
          "attributes": {
            "id": "rtb-0cfe676db14d8a632",
            "owner_id": "304783710577",
            "propagating_vgws": [],
            "route": [
              {
                "cidr_block": "0.0.0.0/0",
                "egress_only_gateway_id": "",
                "gateway_id": "igw-777cda0e",
                "instance_id": "",
                "ipv6_cidr_block": "",
                "local_gateway_id": "",
                "nat_gateway_id": "",
                "network_interface_id": "",
                "transit_gateway_id": "",
                "vpc_endpoint_id": "",
                "vpc_peering_connection_id": ""
              }
            ],
            "tags": {
              "BuildVersion": "",
              "CommitHash": "d9f99fa7a3dfca8c1b7763c881edf504cb76a245",
              "Environment": "development",
              "Name": "development.us-west-2.rtb.ghost",
              "Region": "us-west-2"
            },
            "vpc_id": "vpc-26d5a85e"
          },
          "sensitive_attributes": [],
          "private": "bnVsbA==",
          "dependencies": [
            "module.ghost.module.vpc.data.aws_internet_gateway.gateway",
            "module.ghost.module.vpc.data.aws_vpc.vpc"
          ]
        }
      ]
    },
    {
      "module": "module.ghost.module.vpc",
      "mode": "managed",
      "type": "aws_route_table_association",
      "name": "ghost",
      "provider": "provider[\"registry.terraform.io/hashicorp/aws\"]",
      "instances": [
        {
          "index_key": "us-west-2a",
          "schema_version": 0,
          "attributes": {
            "gateway_id": null,
            "id": "rtbassoc-08b0a1eb9e56742d4",
            "route_table_id": "rtb-0cfe676db14d8a632",
            "subnet_id": "subnet-0be61933506d7a22b"
          },
          "sensitive_attributes": [],
          "private": "bnVsbA==",
          "dependencies": [
            "module.ghost.module.vpc.aws_route_table.ghost",
            "module.ghost.module.vpc.aws_subnet.public",
            "module.ghost.module.vpc.data.aws_internet_gateway.gateway",
            "module.ghost.module.vpc.data.aws_vpc.vpc"
          ]
        }
      ]
    },
    {
      "module": "module.ghost.module.vpc",
      "mode": "managed",
      "type": "aws_subnet",
      "name": "public",
      "provider": "provider[\"registry.terraform.io/hashicorp/aws\"]",
      "instances": [
        {
          "index_key": "us-west-2a",
          "schema_version": 1,
          "attributes": {
            "arn": "arn:aws:ec2:us-west-2:304783710577:subnet/subnet-0be61933506d7a22b",
            "assign_ipv6_address_on_creation": true,
            "availability_zone": "us-west-2a",
            "availability_zone_id": "usw2-az2",
            "cidr_block": "172.31.0.0/24",
            "id": "subnet-0be61933506d7a22b",
            "ipv6_cidr_block": "2600:1f14:41:6300::/64",
            "ipv6_cidr_block_association_id": "subnet-cidr-assoc-0acd2c1a78c2b12b6",
            "map_public_ip_on_launch": true,
            "outpost_arn": "",
            "owner_id": "304783710577",
            "tags": {
              "BuildVersion": "",
              "CommitHash": "d9f99fa7a3dfca8c1b7763c881edf504cb76a245",
              "Environment": "development",
              "Name": "development.us-west-2a.subnet.public.ghost",
              "Region": "us-west-2"
            },
            "timeouts": null,
            "vpc_id": "vpc-26d5a85e"
          },
          "sensitive_attributes": [],
          "private": "eyJlMmJmYjczMC1lY2FhLTExZTYtOGY4OC0zNDM2M2JjN2M0YzAiOnsiY3JlYXRlIjo2MDAwMDAwMDAwMDAsImRlbGV0ZSI6MTIwMDAwMDAwMDAwMH0sInNjaGVtYV92ZXJzaW9uIjoiMSJ9",
          "dependencies": [
            "module.ghost.module.vpc.data.aws_vpc.vpc"
          ]
        }
      ]
    }
  ]
}
